
Microsoft Visual Studio Solution File, Format Version 12.00
# Visual Studio Version 17
VisualStudioVersion = 17.9.34622.214
MinimumVisualStudioVersion = 10.0.40219.1
Project("{FAE04EC0-301F-11D3-BF4B-00C04F79EFBC}") = "listadotarea.cs", "listadotarea.cs\listadotarea.cs.csproj", "{760B013A-7CB4-443B-8A92-AFFFFB3E41DB}"
EndProject
Global
	GlobalSection(SolutionConfigurationPlatforms) = preSolution
		Debug|Any CPU = Debug|Any CPU
		Release|Any CPU = Release|Any CPU
	EndGlobalSection
	GlobalSection(ProjectConfigurationPlatforms) = postSolution
		{760B013A-7CB4-443B-8A92-AFFFFB3E41DB}.Debug|Any CPU.ActiveCfg = Debug|Any CPU
		{760B013A-7CB4-443B-8A92-AFFFFB3E41DB}.Debug|Any CPU.Build.0 = Debug|Any CPU
		{760B013A-7CB4-443B-8A92-AFFFFB3E41DB}.Release|Any CPU.ActiveCfg = Release|Any CPU
		{760B013A-7CB4-443B-8A92-AFFFFB3E41DB}.Release|Any CPU.Build.0 = Release|Any CPU
	EndGlobalSection
	GlobalSection(SolutionProperties) = preSolution
		HideSolutionNode = FALSE
	EndGlobalSection
	GlobalSection(ExtensibilityGlobals) = postSolution
		SolutionGuid = {29AA031E-2FE2-4813-9E70-CA5E2B7516E0}
	EndGlobalSection
EndGlobal
